// !$*UTF8*$!
{
	archiveVersion = 1;
	classes = {
	};
	objectVersion = 56;
	objects = {

/* Begin PBXBuildFile section */
		F833798F296D0DF10075CA86 /* main.swift in Sources */ = {isa = PBXBuildFile; fileRef = F833798E296D0DF10075CA86 /* main.swift */; };
		F8B50304296413F3009BC1B6 /* main.swift in Sources */ = {isa = PBXBuildFile; fileRef = F8B50303296413F3009BC1B6 /* main.swift */; };
		F8B5031129641436009BC1B6 /* main.swift in Sources */ = {isa = PBXBuildFile; fileRef = F8B5031029641436009BC1B6 /* main.swift */; };
/* End PBXBuildFile section */

/* Begin PBXCopyFilesBuildPhase section */
		F833798A296D0DF10075CA86 /* CopyFiles */ = {
			isa = PBXCopyFilesBuildPhase;
			buildActionMask = 2147483647;
			dstPath = /usr/share/man/man1/;
			dstSubfolderSpec = 0;
			files = (
			);
			runOnlyForDeploymentPostprocessing = 1;
		};
		F8B502FE296413F3009BC1B6 /* CopyFiles */ = {
			isa = PBXCopyFilesBuildPhase;
			buildActionMask = 2147483647;
			dstPath = /usr/share/man/man1/;
			dstSubfolderSpec = 0;
			files = (
			);
			runOnlyForDeploymentPostprocessing = 1;
		};
		F8B5030C29641436009BC1B6 /* CopyFiles */ = {
			isa = PBXCopyFilesBuildPhase;
			buildActionMask = 2147483647;
			dstPath = /usr/share/man/man1/;
			dstSubfolderSpec = 0;
			files = (
			);
			runOnlyForDeploymentPostprocessing = 1;
		};
/* End PBXCopyFilesBuildPhase section */

/* Begin PBXFileReference section */
		F833798C296D0DF10075CA86 /* practiceProblem */ = {isa = PBXFileReference; explicitFileType = "compiled.mach-o.executable"; includeInIndex = 0; path = practiceProblem; sourceTree = BUILT_PRODUCTS_DIR; };
		F833798E296D0DF10075CA86 /* main.swift */ = {isa = PBXFileReference; lastKnownFileType = sourcecode.swift; path = main.swift; sourceTree = "<group>"; };
		F8B50300296413F3009BC1B6 /* Algoriithm_Stusy */ = {isa = PBXFileReference; explicitFileType = "compiled.mach-o.executable"; includeInIndex = 0; path = Algoriithm_Stusy; sourceTree = BUILT_PRODUCTS_DIR; };
		F8B50303296413F3009BC1B6 /* main.swift */ = {isa = PBXFileReference; lastKnownFileType = sourcecode.swift; path = main.swift; sourceTree = "<group>"; };
		F8B5030E29641436009BC1B6 /* Greedy */ = {isa = PBXFileReference; explicitFileType = "compiled.mach-o.executable"; includeInIndex = 0; path = Greedy; sourceTree = BUILT_PRODUCTS_DIR; };
		F8B5031029641436009BC1B6 /* main.swift */ = {isa = PBXFileReference; lastKnownFileType = sourcecode.swift; path = main.swift; sourceTree = "<group>"; };
/* End PBXFileReference section */

/* Begin PBXFrameworksBuildPhase section */
		F8337989296D0DF10075CA86 /* Frameworks */ = {
			isa = PBXFrameworksBuildPhase;
			buildActionMask = 2147483647;
			files = (
			);
			runOnlyForDeploymentPostprocessing = 0;
		};
		F8B502FD296413F3009BC1B6 /* Frameworks */ = {
			isa = PBXFrameworksBuildPhase;
			buildActionMask = 2147483647;
			files = (
			);
			runOnlyForDeploymentPostprocessing = 0;
		};
		F8B5030B29641436009BC1B6 /* Frameworks */ = {
			isa = PBXFrameworksBuildPhase;
			buildActionMask = 2147483647;
			files = (
			);
			runOnlyForDeploymentPostprocessing = 0;
		};
/* End PBXFrameworksBuildPhase section */

/* Begin PBXGroup section */
		F833798D296D0DF10075CA86 /* practiceProblem */ = {
			isa = PBXGroup;
			children = (
				F833798E296D0DF10075CA86 /* main.swift */,
			);
			path = practiceProblem;
			sourceTree = "<group>";
		};
		F8B502F7296413F3009BC1B6 = {
			isa = PBXGroup;
			children = (
				F8B50302296413F3009BC1B6 /* Algoriithm_Stusy */,
				F8B5030F29641436009BC1B6 /* Greedy */,
				F833798D296D0DF10075CA86 /* practiceProblem */,
				F8B50301296413F3009BC1B6 /* Products */,
			);
			sourceTree = "<group>";
		};
		F8B50301296413F3009BC1B6 /* Products */ = {
			isa = PBXGroup;
			children = (
				F8B50300296413F3009BC1B6 /* Algoriithm_Stusy */,
				F8B5030E29641436009BC1B6 /* Greedy */,
				F833798C296D0DF10075CA86 /* practiceProblem */,
			);
			name = Products;
			sourceTree = "<group>";
		};
		F8B50302296413F3009BC1B6 /* Algoriithm_Stusy */ = {
			isa = PBXGroup;
			children = (
				F8B50303296413F3009BC1B6 /* main.swift */,
			);
			path = Algoriithm_Stusy;
			sourceTree = "<group>";
		};
		F8B5030F29641436009BC1B6 /* Greedy */ = {
			isa = PBXGroup;
			children = (
				F8B5031029641436009BC1B6 /* main.swift */,
			);
			path = Greedy;
			sourceTree = "<group>";
		};
/* End PBXGroup section */

/* Begin PBXNativeTarget section */
		F833798B296D0DF10075CA86 /* practiceProblem */ = {
			isa = PBXNativeTarget;
			buildConfigurationList = F8337992296D0DF10075CA86 /* Build configuration list for PBXNativeTarget "practiceProblem" */;
			buildPhases = (
				F8337988296D0DF10075CA86 /* Sources */,
				F8337989296D0DF10075CA86 /* Frameworks */,
				F833798A296D0DF10075CA86 /* CopyFiles */,
			);
			buildRules = (
			);
			dependencies = (
			);
			name = practiceProblem;
			productName = practiceProblem;
			productReference = F833798C296D0DF10075CA86 /* practiceProblem */;
			productType = "com.apple.product-type.tool";
		};
		F8B502FF296413F3009BC1B6 /* Algoriithm_Stusy */ = {
			isa = PBXNativeTarget;
			buildConfigurationList = F8B50307296413F3009BC1B6 /* Build configuration list for PBXNativeTarget "Algoriithm_Stusy" */;
			buildPhases = (
				F8B502FC296413F3009BC1B6 /* Sources */,
				F8B502FD296413F3009BC1B6 /* Frameworks */,
				F8B502FE296413F3009BC1B6 /* CopyFiles */,
			);
			buildRules = (
			);
			dependencies = (
			);
			name = Algoriithm_Stusy;
			productName = Algoriithm_Stusy;
			productReference = F8B50300296413F3009BC1B6 /* Algoriithm_Stusy */;
			productType = "com.apple.product-type.tool";
		};
		F8B5030D29641436009BC1B6 /* Greedy */ = {
			isa = PBXNativeTarget;
			buildConfigurationList = F8B5031229641436009BC1B6 /* Build configuration list for PBXNativeTarget "Greedy" */;
			buildPhases = (
				F8B5030A29641436009BC1B6 /* Sources */,
				F8B5030B29641436009BC1B6 /* Frameworks */,
				F8B5030C29641436009BC1B6 /* CopyFiles */,
			);
			buildRules = (
			);
			dependencies = (
			);
			name = Greedy;
			productName = Greedy;
			productReference = F8B5030E29641436009BC1B6 /* Greedy */;
			productType = "com.apple.product-type.tool";
		};
/* End PBXNativeTarget section */

/* Begin PBXProject section */
		F8B502F8296413F3009BC1B6 /* Project object */ = {
			isa = PBXProject;
			attributes = {
				BuildIndependentTargetsInParallel = 1;
				LastSwiftUpdateCheck = 1400;
				LastUpgradeCheck = 1400;
				TargetAttributes = {
					F833798B296D0DF10075CA86 = {
						CreatedOnToolsVersion = 14.0.1;
					};
					F8B502FF296413F3009BC1B6 = {
						CreatedOnToolsVersion = 14.0.1;
					};
					F8B5030D29641436009BC1B6 = {
						CreatedOnToolsVersion = 14.0.1;
					};
				};
			};
			buildConfigurationList = F8B502FB296413F3009BC1B6 /* Build configuration list for PBXProject "Algoriithm_Stusy" */;
			compatibilityVersion = "Xcode 14.0";
			developmentRegion = en;
			hasScannedForEncodings = 0;
			knownRegions = (
				en,
				Base,
			);
			mainGroup = F8B502F7296413F3009BC1B6;
			productRefGroup = F8B50301296413F3009BC1B6 /* Products */;
			projectDirPath = "";
			projectRoot = "";
			targets = (
				F8B502FF296413F3009BC1B6 /* Algoriithm_Stusy */,
				F8B5030D29641436009BC1B6 /* Greedy */,
				F833798B296D0DF10075CA86 /* practiceProblem */,
			);
		};
/* End PBXProject section */

/* Begin PBXSourcesBuildPhase section */
		F8337988296D0DF10075CA86 /* Sources */ = {
			isa = PBXSourcesBuildPhase;
			buildActionMask = 2147483647;
			files = (
				F833798F296D0DF10075CA86 /* main.swift in Sources */,
			);
			runOnlyForDeploymentPostprocessing = 0;
		};
		F8B502FC296413F3009BC1B6 /* Sources */ = {
			isa = PBXSourcesBuildPhase;
			buildActionMask = 2147483647;
			files = (
				F8B50304296413F3009BC1B6 /* main.swift in Sources */,
			);
			runOnlyForDeploymentPostprocessing = 0;
		};
		F8B5030A29641436009BC1B6 /* Sources */ = {
			isa = PBXSourcesBuildPhase;
			buildActionMask = 2147483647;
			files = (
				F8B5031129641436009BC1B6 /* main.swift in Sources */,
			);
			runOnlyForDeploymentPostprocessing = 0;
		};
/* End PBXSourcesBuildPhase section */

/* Begin XCBuildConfiguration section */
		F8337990296D0DF10075CA86 /* Debug */ = {
			isa = XCBuildConfiguration;
			buildSettings = {
				CODE_SIGN_STYLE = Automatic;
				DEVELOPMENT_TEAM = 4G47XHXXQX;
				ENABLE_HARDENED_RUNTIME = YES;
				PRODUCT_NAME = "$(TARGET_NAME)";
				SWIFT_VERSION = 5.0;
			};
			name = Debug;
		};
		F8337991296D0DF10075CA86 /* Release */ = {
			isa = XCBuildConfiguration;
			buildSettings = {
				CODE_SIGN_STYLE = Automatic;
				DEVELOPMENT_TEAM = 4G47XHXXQX;
				ENABLE_HARDENED_RUNTIME = YES;
				PRODUCT_NAME = "$(TARGET_NAME)";
				SWIFT_VERSION = 5.0;
			};
			name = Release;
		};
		F8B50305296413F3009BC1B6 /* Debug */ = {
			isa = XCBuildConfiguration;
			buildSettings = {
				ALWAYS_SEARCH_USER_PATHS = NO;
				CLANG_ANALYZER_NONNULL = YES;
				CLANG_ANALYZER_NUMBER_OBJECT_CONVERSION = YES_AGGRESSIVE;
				CLANG_CXX_LANGUAGE_STANDARD = "gnu++20";
				CLANG_ENABLE_MODULES = YES;
				CLANG_ENABLE_OBJC_ARC = YES;
				CLANG_ENABLE_OBJC_WEAK = YES;
				CLANG_WARN_BLOCK_CAPTURE_AUTORELEASING = YES;
				CLANG_WARN_BOOL_CONVERSION = YES;
				CLANG_WARN_COMMA = YES;
				CLANG_WARN_CONSTANT_CONVERSION = YES;
				CLANG_WARN_DEPRECATED_OBJC_IMPLEMENTATIONS = YES;
				CLANG_WARN_DIRECT_OBJC_ISA_USAGE = YES_ERROR;
				CLANG_WARN_DOCUMENTATION_COMMENTS = YES;
				CLANG_WARN_EMPTY_BODY = YES;
				CLANG_WARN_ENUM_CONVERSION = YES;
				CLANG_WARN_INFINITE_RECURSION = YES;
				CLANG_WARN_INT_CONVERSION = YES;
				CLANG_WARN_NON_LITERAL_NULL_CONVERSION = YES;
				CLANG_WARN_OBJC_IMPLICIT_RETAIN_SELF = YES;
				CLANG_WARN_OBJC_LITERAL_CONVERSION = YES;
				CLANG_WARN_OBJC_ROOT_CLASS = YES_ERROR;
				CLANG_WARN_QUOTED_INCLUDE_IN_FRAMEWORK_HEADER = YES;
				CLANG_WARN_RANGE_LOOP_ANALYSIS = YES;
				CLANG_WARN_STRICT_PROTOTYPES = YES;
				CLANG_WARN_SUSPICIOUS_MOVE = YES;
				CLANG_WARN_UNGUARDED_AVAILABILITY = YES_AGGRESSIVE;
				CLANG_WARN_UNREACHABLE_CODE = YES;
				CLANG_WARN__DUPLICATE_METHOD_MATCH = YES;
				COPY_PHASE_STRIP = NO;
				DEBUG_INFORMATION_FORMAT = dwarf;
				ENABLE_STRICT_OBJC_MSGSEND = YES;
				ENABLE_TESTABILITY = YES;
				GCC_C_LANGUAGE_STANDARD = gnu11;
				GCC_DYNAMIC_NO_PIC = NO;
				GCC_NO_COMMON_BLOCKS = YES;
				GCC_OPTIMIZATION_LEVEL = 0;
				GCC_PREPROCESSOR_DEFINITIONS = (
					"DEBUG=1",
					"$(inherited)",
				);
				GCC_WARN_64_TO_32_BIT_CONVERSION = YES;
				GCC_WARN_ABOUT_RETURN_TYPE = YES_ERROR;
				GCC_WARN_UNDECLARED_SELECTOR = YES;
				GCC_WARN_UNINITIALIZED_AUTOS = YES_AGGRESSIVE;
				GCC_WARN_UNUSED_FUNCTION = YES;
				GCC_WARN_UNUSED_VARIABLE = YES;
				MACOSX_DEPLOYMENT_TARGET = 12.3;
				MTL_ENABLE_DEBUG_INFO = INCLUDE_SOURCE;
				MTL_FAST_MATH = YES;
				ONLY_ACTIVE_ARCH = YES;
				SDKROOT = macosx;
				SWIFT_ACTIVE_COMPILATION_CONDITIONS = DEBUG;
				SWIFT_OPTIMIZATION_LEVEL = "-Onone";
			};
			name = Debug;
		};
		F8B50306296413F3009BC1B6 /* Release */ = {
			isa = XCBuildConfiguration;
			buildSettings = {
				ALWAYS_SEARCH_USER_PATHS = NO;
				CLANG_ANALYZER_NONNULL = YES;
				CLANG_ANALYZER_NUMBER_OBJECT_CONVERSION = YES_AGGRESSIVE;
				CLANG_CXX_LANGUAGE_STANDARD = "gnu++20";
				CLANG_ENABLE_MODULES = YES;
				CLANG_ENABLE_OBJC_ARC = YES;
				CLANG_ENABLE_OBJC_WEAK = YES;
				CLANG_WARN_BLOCK_CAPTURE_AUTORELEASING = YES;
				CLANG_WARN_BOOL_CONVERSION = YES;
				CLANG_WARN_COMMA = YES;
				CLANG_WARN_CONSTANT_CONVERSION = YES;
				CLANG_WARN_DEPRECATED_OBJC_IMPLEMENTATIONS = YES;
				CLANG_WARN_DIRECT_OBJC_ISA_USAGE = YES_ERROR;
				CLANG_WARN_DOCUMENTATION_COMMENTS = YES;
				CLANG_WARN_EMPTY_BODY = YES;
				CLANG_WARN_ENUM_CONVERSION = YES;
				CLANG_WARN_INFINITE_RECURSION = YES;
				CLANG_WARN_INT_CONVERSION = YES;
				CLANG_WARN_NON_LITERAL_NULL_CONVERSION = YES;
				CLANG_WARN_OBJC_IMPLICIT_RETAIN_SELF = YES;
				CLANG_WARN_OBJC_LITERAL_CONVERSION = YES;
				CLANG_WARN_OBJC_ROOT_CLASS = YES_ERROR;
				CLANG_WARN_QUOTED_INCLUDE_IN_FRAMEWORK_HEADER = YES;
				CLANG_WARN_RANGE_LOOP_ANALYSIS = YES;
				CLANG_WARN_STRICT_PROTOTYPES = YES;
				CLANG_WARN_SUSPICIOUS_MOVE = YES;
				CLANG_WARN_UNGUARDED_AVAILABILITY = YES_AGGRESSIVE;
				CLANG_WARN_UNREACHABLE_CODE = YES;
				CLANG_WARN__DUPLICATE_METHOD_MATCH = YES;
				COPY_PHASE_STRIP = NO;
				DEBUG_INFORMATION_FORMAT = "dwarf-with-dsym";
				ENABLE_NS_ASSERTIONS = NO;
				ENABLE_STRICT_OBJC_MSGSEND = YES;
				GCC_C_LANGUAGE_STANDARD = gnu11;
				GCC_NO_COMMON_BLOCKS = YES;
				GCC_WARN_64_TO_32_BIT_CONVERSION = YES;
				GCC_WARN_ABOUT_RETURN_TYPE = YES_ERROR;
				GCC_WARN_UNDECLARED_SELECTOR = YES;
				GCC_WARN_UNINITIALIZED_AUTOS = YES_AGGRESSIVE;
				GCC_WARN_UNUSED_FUNCTION = YES;
				GCC_WARN_UNUSED_VARIABLE = YES;
				MACOSX_DEPLOYMENT_TARGET = 12.3;
				MTL_ENABLE_DEBUG_INFO = NO;
				MTL_FAST_MATH = YES;
				SDKROOT = macosx;
				SWIFT_COMPILATION_MODE = wholemodule;
				SWIFT_OPTIMIZATION_LEVEL = "-O";
			};
			name = Release;
		};
		F8B50308296413F3009BC1B6 /* Debug */ = {
			isa = XCBuildConfiguration;
			buildSettings = {
				CODE_SIGN_STYLE = Automatic;
				DEVELOPMENT_TEAM = 4G47XHXXQX;
				ENABLE_HARDENED_RUNTIME = YES;
				PRODUCT_NAME = "$(TARGET_NAME)";
				SWIFT_VERSION = 5.0;
			};
			name = Debug;
		};
		F8B50309296413F3009BC1B6 /* Release */ = {
			isa = XCBuildConfiguration;
			buildSettings = {
				CODE_SIGN_STYLE = Automatic;
				DEVELOPMENT_TEAM = 4G47XHXXQX;
				ENABLE_HARDENED_RUNTIME = YES;
				PRODUCT_NAME = "$(TARGET_NAME)";
				SWIFT_VERSION = 5.0;
			};
			name = Release;
		};
		F8B5031329641436009BC1B6 /* Debug */ = {
			isa = XCBuildConfiguration;
			buildSettings = {
				CODE_SIGN_STYLE = Automatic;
				DEVELOPMENT_TEAM = 4G47XHXXQX;
				ENABLE_HARDENED_RUNTIME = YES;
				PRODUCT_NAME = "$(TARGET_NAME)";
				SWIFT_VERSION = 5.0;
			};
			name = Debug;
		};
		F8B5031429641436009BC1B6 /* Release */ = {
			isa = XCBuildConfiguration;
			buildSettings = {
				CODE_SIGN_STYLE = Automatic;
				DEVELOPMENT_TEAM = 4G47XHXXQX;
				ENABLE_HARDENED_RUNTIME = YES;
				PRODUCT_NAME = "$(TARGET_NAME)";
				SWIFT_VERSION = 5.0;
			};
			name = Release;
		};
/* End XCBuildConfiguration section */

/* Begin XCConfigurationList section */
		F8337992296D0DF10075CA86 /* Build configuration list for PBXNativeTarget "practiceProblem" */ = {
			isa = XCConfigurationList;
			buildConfigurations = (
				F8337990296D0DF10075CA86 /* Debug */,
				F8337991296D0DF10075CA86 /* Release */,
			);
			defaultConfigurationIsVisible = 0;
			defaultConfigurationName = Release;
		};
		F8B502FB296413F3009BC1B6 /* Build configuration list for PBXProject "Algoriithm_Stusy" */ = {
			isa = XCConfigurationList;
			buildConfigurations = (
				F8B50305296413F3009BC1B6 /* Debug */,
				F8B50306296413F3009BC1B6 /* Release */,
			);
			defaultConfigurationIsVisible = 0;
			defaultConfigurationName = Release;
		};
		F8B50307296413F3009BC1B6 /* Build configuration list for PBXNativeTarget "Algoriithm_Stusy" */ = {
			isa = XCConfigurationList;
			buildConfigurations = (
				F8B50308296413F3009BC1B6 /* Debug */,
				F8B50309296413F3009BC1B6 /* Release */,
			);
			defaultConfigurationIsVisible = 0;
			defaultConfigurationName = Release;
		};
		F8B5031229641436009BC1B6 /* Build configuration list for PBXNativeTarget "Greedy" */ = {
			isa = XCConfigurationList;
			buildConfigurations = (
				F8B5031329641436009BC1B6 /* Debug */,
				F8B5031429641436009BC1B6 /* Release */,
			);
			defaultConfigurationIsVisible = 0;
			defaultConfigurationName = Release;
		};
/* End XCConfigurationList section */
	};
	rootObject = F8B502F8296413F3009BC1B6 /* Project object */;
}
